lockfileVersion: '9.0'

settings:
  autoInstallPeers: true
  excludeLinksFromLockfile: false

importers:

  .:
    devDependencies:
      '@cheap-glitch/mi-cron':
        specifier: 2.0.0
        version: 2.0.0
      prettier:
        specifier: 3.2.5
        version: 3.2.5

packages:

  '@cheap-glitch/mi-cron@2.0.0':
    resolution: {integrity: sha512-HtpMH36PLzs7ZMJYaMWz32+4JOKeZHgzd2ms7vX0AdZmxZCu3MlASo+PoWkQaO9vT4ust7AS3j1hG783uxbiyA==}

  prettier@3.2.5:
    resolution: {integrity: sha512-3/GWa9aOC0YeD7LUfvOG2NiDyhOWRvt1k+rcKhOuYnMY24iiCphgneUfJDyFXd6rZCAnuLBv6UeAULtrhT/F4A==}
    engines: {node: '>=14'}
    hasBin: true

snapshots:

  '@cheap-glitch/mi-cron@2.0.0': {}

  prettier@3.2.5: {}
